hash: aecba4215953c3ee9d049a98a4085489aaa4f30d2e2a5c989e84c5cfcff73e85
updated: 2017-08-28T21:20:21.303225613+02:00
imports:
- name: github.com/influxdata/influxdb
  version: 0c54d8fc744220b8dc70f2987e04e78fec951285
  subpackages:
  - client/v2
  - cmd
  - models
  - pkg/escape
- name: github.com/Sirupsen/logrus
  version: f006c2ac4710855cf0f916dd6b77acf6b048dc6e
- name: github.com/urfave/cli
  version: cfb38830724cc34fedffe9a2a29fb54fa9169cd1
- name: golang.org/x/crypto
  version: 81e90905daefcd6fd217b62423c0908922eadb30
  subpackages:
  - ssh/terminal
- name: golang.org/x/sys
  version: 2d6f6f883a06fc0d5f4b14a81e4c28705ea64c15
  subpackages:
  - unix
  - windows
- name: gopkg.in/yaml.v2
  version: eb3733d160e74a9c7e442f435eb3bea458e1d19f
testImports: []
