hash: d7aa7b7a3369c515873359b2df953014e754a5244118c00409a0766ac06c78d7
updated: 2020-05-14T20:20:55.831286+02:00
imports:
- name: github.com/cpuguy83/go-md2man
  version: 217d7bd9dd5494abdf2877afbeb24ba0e11b43d6
  repo: git@github.com:cpuguy83/go-md2man
  vcs: git
  subpackages:
  - v2/md2man
- name: github.com/influxdata/influxdb
  version: 781490de48220d7695a05c29e5a36f550a4568f5
  subpackages:
  - client/v2
  - models
  - pkg/escape
- name: github.com/konsorten/go-windows-terminal-sequences
  version: edb144dfd453055e1e49a3d8b410a660b5a87613
- name: github.com/Sirupsen/logrus
  version: 60c74ad9be0d874af0ab0daef6ab07c5c5911f0d
- name: github.com/streadway/amqp
  version: 1c71cc93ed716f9a6f4c2ae8955c25f9176d9f19
- name: github.com/urfave/cli
  version: e6cf83ec39f6e1158ced1927d4ed14578fda8edb
- name: golang.org/x/crypto
  version: 06a226fb4e3765ef3f48aa2852b401bc7b98e981
  subpackages:
  - ssh/terminal
- name: golang.org/x/sys
  version: 417ce2331b5c91eea36730d3e1739adb75193be2
  repo: git@github.com:golang/sys
  vcs: git
  subpackages:
  - internal/unsafeheader
  - unix
- name: gopkg.in/yaml.v2
  version: 0b1645d91e851e735d3e23330303ce81f70adbe3
testImports: []
